
Microsoft Visual Studio Solution File, Format Version 12.00
# Visual Studio Version 17
VisualStudioVersion = 17.9.34728.123
MinimumVisualStudioVersion = 10.0.40219.1
Project("{8BC9CEB8-8B4A-11D0-8D11-00A0C91BC942}") = "srsDemoDaemon", "srsDemoDaemon.vcxproj", "{1639C352-4AC6-45EC-8436-EB3988C24ADC}"
EndProject
Global
	GlobalSection(SolutionConfigurationPlatforms) = preSolution
		Debug|x64 = Debug|x64
		Debug|x86 = Debug|x86
		Release|x64 = Release|x64
		Release|x86 = Release|x86
	EndGlobalSection
	GlobalSection(ProjectConfigurationPlatforms) = postSolution
		{1639C352-4AC6-45EC-8436-EB3988C24ADC}.Debug|x64.ActiveCfg = Debug|x64
		{1639C352-4AC6-45EC-8436-EB3988C24ADC}.Debug|x64.Build.0 = Debug|x64
		{1639C352-4AC6-45EC-8436-EB3988C24ADC}.Debug|x86.ActiveCfg = Debug|Win32
		{1639C352-4AC6-45EC-8436-EB3988C24ADC}.Debug|x86.Build.0 = Debug|Win32
		{1639C352-4AC6-45EC-8436-EB3988C24ADC}.Release|x64.ActiveCfg = Release|x64
		{1639C352-4AC6-45EC-8436-EB3988C24ADC}.Release|x64.Build.0 = Release|x64
		{1639C352-4AC6-45EC-8436-EB3988C24ADC}.Release|x86.ActiveCfg = Release|Win32
		{1639C352-4AC6-45EC-8436-EB3988C24ADC}.Release|x86.Build.0 = Release|Win32
	EndGlobalSection
	GlobalSection(SolutionProperties) = preSolution
		HideSolutionNode = FALSE
	EndGlobalSection
	GlobalSection(ExtensibilityGlobals) = postSolution
		SolutionGuid = {174FF8E4-3625-46A6-8712-6969D0188F19}
	EndGlobalSection
EndGlobal
